// !$*UTF8*$!
{
	archiveVersion = 1;
	classes = {
	};
	objectVersion = 55;
	objects = {

/* Begin PBXBuildFile section */
		5479D6002773873100BE2115 /* SDWebImageSwiftUI in Frameworks */ = {isa = PBXBuildFile; productRef = 5479D5FF2773873100BE2115 /* SDWebImageSwiftUI */; };
		5479D6022773885700BE2115 /* PostView.swift in Sources */ = {isa = PBXBuildFile; fileRef = 5479D6012773885700BE2115 /* PostView.swift */; };
		5479D6042773886900BE2115 /* SettingsView.swift in Sources */ = {isa = PBXBuildFile; fileRef = 5479D6032773886900BE2115 /* SettingsView.swift */; };
		5479D6062773887E00BE2115 /* CustomTabbar.swift in Sources */ = {isa = PBXBuildFile; fileRef = 5479D6052773887E00BE2115 /* CustomTabbar.swift */; };
		5479D60827739A5B00BE2115 /* SettingsViewModel.swift in Sources */ = {isa = PBXBuildFile; fileRef = 5479D60727739A5B00BE2115 /* SettingsViewModel.swift */; };
		5479D60A2773A0F700BE2115 /* UserModel.swift in Sources */ = {isa = PBXBuildFile; fileRef = 5479D6092773A0F700BE2115 /* UserModel.swift */; };
		5479D60C2773B5F800BE2115 /* AlertView.swift in Sources */ = {isa = PBXBuildFile; fileRef = 5479D60B2773B5F800BE2115 /* AlertView.swift */; };
		5479D60E27741B9800BE2115 /* PostViewModel.swift in Sources */ = {isa = PBXBuildFile; fileRef = 5479D60D27741B9800BE2115 /* PostViewModel.swift */; };
		5479D61027741CB900BE2115 /* PostModel.swift in Sources */ = {isa = PBXBuildFile; fileRef = 5479D60F27741CB900BE2115 /* PostModel.swift */; };
		5479D61227741F3300BE2115 /* FetchUser.swift in Sources */ = {isa = PBXBuildFile; fileRef = 5479D61127741F3300BE2115 /* FetchUser.swift */; };
		5479D6142774216200BE2115 /* PostRow.swift in Sources */ = {isa = PBXBuildFile; fileRef = 5479D6132774216200BE2115 /* PostRow.swift */; };
		5479D6162774314300BE2115 /* NewPost.swift in Sources */ = {isa = PBXBuildFile; fileRef = 5479D6152774314300BE2115 /* NewPost.swift */; };
		5479D618277432AB00BE2115 /* NewPostModel.swift in Sources */ = {isa = PBXBuildFile; fileRef = 5479D617277432AB00BE2115 /* NewPostModel.swift */; };
		54FE95C12772DBAF000B5E28 /* Social_Media_TestApp.swift in Sources */ = {isa = PBXBuildFile; fileRef = 54FE95C02772DBAF000B5E28 /* Social_Media_TestApp.swift */; };
		54FE95C32772DBAF000B5E28 /* ContentView.swift in Sources */ = {isa = PBXBuildFile; fileRef = 54FE95C22772DBAF000B5E28 /* ContentView.swift */; };
		54FE95C52772DBB0000B5E28 /* Assets.xcassets in Resources */ = {isa = PBXBuildFile; fileRef = 54FE95C42772DBB0000B5E28 /* Assets.xcassets */; };
		54FE95C82772DBB0000B5E28 /* Preview Assets.xcassets in Resources */ = {isa = PBXBuildFile; fileRef = 54FE95C72772DBB0000B5E28 /* Preview Assets.xcassets */; };
		54FE95CA2772DBB0000B5E28 /* Persistence.swift in Sources */ = {isa = PBXBuildFile; fileRef = 54FE95C92772DBB0000B5E28 /* Persistence.swift */; };
		54FE95CD2772DBB0000B5E28 /* Social_Media_Test.xcdatamodeld in Sources */ = {isa = PBXBuildFile; fileRef = 54FE95CB2772DBB0000B5E28 /* Social_Media_Test.xcdatamodeld */; };
		54FE95D42772DC46000B5E28 /* GoogleService-Info.plist in Resources */ = {isa = PBXBuildFile; fileRef = 54FE95D32772DC46000B5E28 /* GoogleService-Info.plist */; };
		54FE95D92772E6B7000B5E28 /* Login.swift in Sources */ = {isa = PBXBuildFile; fileRef = 54FE95D82772E6B7000B5E28 /* Login.swift */; };
		54FE95DB2772E8F6000B5E28 /* LoginViewModel.swift in Sources */ = {isa = PBXBuildFile; fileRef = 54FE95DA2772E8F6000B5E28 /* LoginViewModel.swift */; };
		54FE95DE277306CE000B5E28 /* Register.swift in Sources */ = {isa = PBXBuildFile; fileRef = 54FE95DD277306CE000B5E28 /* Register.swift */; };
		54FE95E027730BF7000B5E28 /* RegisterViewModel.swift in Sources */ = {isa = PBXBuildFile; fileRef = 54FE95DF27730BF7000B5E28 /* RegisterViewModel.swift */; };
		54FE95E227730E95000B5E28 /* ImagePicker.swift in Sources */ = {isa = PBXBuildFile; fileRef = 54FE95E127730E95000B5E28 /* ImagePicker.swift */; };
		54FE95E42773185D000B5E28 /* UploadImage.swift in Sources */ = {isa = PBXBuildFile; fileRef = 54FE95E32773185D000B5E28 /* UploadImage.swift */; };
		54FE95E627735704000B5E28 /* Home.swift in Sources */ = {isa = PBXBuildFile; fileRef = 54FE95E527735704000B5E28 /* Home.swift */; };
		6CCA0A05BD3051FF7DEA0E4B /* Pods_Social_Media_Test.framework in Frameworks */ = {isa = PBXBuildFile; fileRef = 5D6DEFBE12F17FE2ED49225F /* Pods_Social_Media_Test.framework */; };
/* End PBXBuildFile section */

/* Begin PBXFileReference section */
		189567F22C4D36D58D0A7587 /* Pods-Social Media Test.release.xcconfig */ = {isa = PBXFileReference; includeInIndex = 1; lastKnownFileType = text.xcconfig; name = "Pods-Social Media Test.release.xcconfig"; path = "Target Support Files/Pods-Social Media Test/Pods-Social Media Test.release.xcconfig"; sourceTree = "<group>"; };
		47F468EF133B54A268DD815B /* Pods-Social Media Test.debug.xcconfig */ = {isa = PBXFileReference; includeInIndex = 1; lastKnownFileType = text.xcconfig; name = "Pods-Social Media Test.debug.xcconfig"; path = "Target Support Files/Pods-Social Media Test/Pods-Social Media Test.debug.xcconfig"; sourceTree = "<group>"; };
		5479D6012773885700BE2115 /* PostView.swift */ = {isa = PBXFileReference; lastKnownFileType = sourcecode.swift; path = PostView.swift; sourceTree = "<group>"; };
		5479D6032773886900BE2115 /* SettingsView.swift */ = {isa = PBXFileReference; lastKnownFileType = sourcecode.swift; path = SettingsView.swift; sourceTree = "<group>"; };
		5479D6052773887E00BE2115 /* CustomTabbar.swift */ = {isa = PBXFileReference; lastKnownFileType = sourcecode.swift; path = CustomTabbar.swift; sourceTree = "<group>"; };
		5479D60727739A5B00BE2115 /* SettingsViewModel.swift */ = {isa = PBXFileReference; lastKnownFileType = sourcecode.swift; path = SettingsViewModel.swift; sourceTree = "<group>"; };
		5479D6092773A0F700BE2115 /* UserModel.swift */ = {isa = PBXFileReference; lastKnownFileType = sourcecode.swift; path = UserModel.swift; sourceTree = "<group>"; };
		5479D60B2773B5F800BE2115 /* AlertView.swift */ = {isa = PBXFileReference; lastKnownFileType = sourcecode.swift; path = AlertView.swift; sourceTree = "<group>"; };
		5479D60D27741B9800BE2115 /* PostViewModel.swift */ = {isa = PBXFileReference; lastKnownFileType = sourcecode.swift; path = PostViewModel.swift; sourceTree = "<group>"; };
		5479D60F27741CB900BE2115 /* PostModel.swift */ = {isa = PBXFileReference; lastKnownFileType = sourcecode.swift; path = PostModel.swift; sourceTree = "<group>"; };
		5479D61127741F3300BE2115 /* FetchUser.swift */ = {isa = PBXFileReference; lastKnownFileType = sourcecode.swift; path = FetchUser.swift; sourceTree = "<group>"; };
		5479D6132774216200BE2115 /* PostRow.swift */ = {isa = PBXFileReference; lastKnownFileType = sourcecode.swift; path = PostRow.swift; sourceTree = "<group>"; };
		5479D6152774314300BE2115 /* NewPost.swift */ = {isa = PBXFileReference; lastKnownFileType = sourcecode.swift; path = NewPost.swift; sourceTree = "<group>"; };
		5479D617277432AB00BE2115 /* NewPostModel.swift */ = {isa = PBXFileReference; lastKnownFileType = sourcecode.swift; path = NewPostModel.swift; sourceTree = "<group>"; };
		54FE95BD2772DBAF000B5E28 /* Social Media Test.app */ = {isa = PBXFileReference; explicitFileType = wrapper.application; includeInIndex = 0; path = "Social Media Test.app"; sourceTree = BUILT_PRODUCTS_DIR; };
		54FE95C02772DBAF000B5E28 /* Social_Media_TestApp.swift */ = {isa = PBXFileReference; lastKnownFileType = sourcecode.swift; path = Social_Media_TestApp.swift; sourceTree = "<group>"; };
		54FE95C22772DBAF000B5E28 /* ContentView.swift */ = {isa = PBXFileReference; lastKnownFileType = sourcecode.swift; path = ContentView.swift; sourceTree = "<group>"; };
		54FE95C42772DBB0000B5E28 /* Assets.xcassets */ = {isa = PBXFileReference; lastKnownFileType = folder.assetcatalog; path = Assets.xcassets; sourceTree = "<group>"; };
		54FE95C72772DBB0000B5E28 /* Preview Assets.xcassets */ = {isa = PBXFileReference; lastKnownFileType = folder.assetcatalog; path = "Preview Assets.xcassets"; sourceTree = "<group>"; };
		54FE95C92772DBB0000B5E28 /* Persistence.swift */ = {isa = PBXFileReference; lastKnownFileType = sourcecode.swift; path = Persistence.swift; sourceTree = "<group>"; };
		54FE95CC2772DBB0000B5E28 /* Social_Media_Test.xcdatamodel */ = {isa = PBXFileReference; lastKnownFileType = wrapper.xcdatamodel; path = Social_Media_Test.xcdatamodel; sourceTree = "<group>"; };
		54FE95D32772DC46000B5E28 /* GoogleService-Info.plist */ = {isa = PBXFileReference; fileEncoding = 4; lastKnownFileType = text.plist.xml; path = "GoogleService-Info.plist"; sourceTree = "<group>"; };
		54FE95D82772E6B7000B5E28 /* Login.swift */ = {isa = PBXFileReference; lastKnownFileType = sourcecode.swift; path = Login.swift; sourceTree = "<group>"; };
		54FE95DA2772E8F6000B5E28 /* LoginViewModel.swift */ = {isa = PBXFileReference; lastKnownFileType = sourcecode.swift; path = LoginViewModel.swift; sourceTree = "<group>"; };
		54FE95DC2772FFDC000B5E28 /* Social-Media-Test-Info.plist */ = {isa = PBXFileReference; lastKnownFileType = text.plist; path = "Social-Media-Test-Info.plist"; sourceTree = SOURCE_ROOT; };
		54FE95DD277306CE000B5E28 /* Register.swift */ = {isa = PBXFileReference; lastKnownFileType = sourcecode.swift; path = Register.swift; sourceTree = "<group>"; };
		54FE95DF27730BF7000B5E28 /* RegisterViewModel.swift */ = {isa = PBXFileReference; lastKnownFileType = sourcecode.swift; path = RegisterViewModel.swift; sourceTree = "<group>"; };
		54FE95E127730E95000B5E28 /* ImagePicker.swift */ = {isa = PBXFileReference; lastKnownFileType = sourcecode.swift; path = ImagePicker.swift; sourceTree = "<group>"; };
		54FE95E32773185D000B5E28 /* UploadImage.swift */ = {isa = PBXFileReference; lastKnownFileType = sourcecode.swift; path = UploadImage.swift; sourceTree = "<group>"; };
		54FE95E527735704000B5E28 /* Home.swift */ = {isa = PBXFileReference; lastKnownFileType = sourcecode.swift; path = Home.swift; sourceTree = "<group>"; };
		5D6DEFBE12F17FE2ED49225F /* Pods_Social_Media_Test.framework */ = {isa = PBXFileReference; explicitFileType = wrapper.framework; includeInIndex = 0; path = Pods_Social_Media_Test.framework; sourceTree = BUILT_PRODUCTS_DIR; };
/* End PBXFileReference section */

/* Begin PBXFrameworksBuildPhase section */
		54FE95BA2772DBAF000B5E28 /* Frameworks */ = {
			isa = PBXFrameworksBuildPhase;
			buildActionMask = 2147483647;
			files = (
				5479D6002773873100BE2115 /* SDWebImageSwiftUI in Frameworks */,
				6CCA0A05BD3051FF7DEA0E4B /* Pods_Social_Media_Test.framework in Frameworks */,
			);
			runOnlyForDeploymentPostprocessing = 0;
		};
/* End PBXFrameworksBuildPhase section */

/* Begin PBXGroup section */
		429077583A551EA2C0A259DF /* Pods */ = {
			isa = PBXGroup;
			children = (
				47F468EF133B54A268DD815B /* Pods-Social Media Test.debug.xcconfig */,
				189567F22C4D36D58D0A7587 /* Pods-Social Media Test.release.xcconfig */,
			);
			path = Pods;
			sourceTree = "<group>";
		};
		54FE95B42772DBAF000B5E28 = {
			isa = PBXGroup;
			children = (
				54FE95BF2772DBAF000B5E28 /* Social Media Test */,
				54FE95BE2772DBAF000B5E28 /* Products */,
				429077583A551EA2C0A259DF /* Pods */,
				C66DD9EEF5709987ABE0CDE6 /* Frameworks */,
			);
			sourceTree = "<group>";
		};
		54FE95BE2772DBAF000B5E28 /* Products */ = {
			isa = PBXGroup;
			children = (
				54FE95BD2772DBAF000B5E28 /* Social Media Test.app */,
			);
			name = Products;
			sourceTree = "<group>";
		};
		54FE95BF2772DBAF000B5E28 /* Social Media Test */ = {
			isa = PBXGroup;
			children = (
				54FE95DC2772FFDC000B5E28 /* Social-Media-Test-Info.plist */,
				54FE95D72772E66E000B5E28 /* ViewModel */,
				54FE95D62772E65B000B5E28 /* View */,
				54FE95D52772E651000B5E28 /* Model */,
				54FE95C02772DBAF000B5E28 /* Social_Media_TestApp.swift */,
				54FE95C22772DBAF000B5E28 /* ContentView.swift */,
				54FE95C42772DBB0000B5E28 /* Assets.xcassets */,
				54FE95C92772DBB0000B5E28 /* Persistence.swift */,
				54FE95CB2772DBB0000B5E28 /* Social_Media_Test.xcdatamodeld */,
				54FE95D32772DC46000B5E28 /* GoogleService-Info.plist */,
				54FE95C62772DBB0000B5E28 /* Preview Content */,
			);
			path = "Social Media Test";
			sourceTree = "<group>";
		};
		54FE95C62772DBB0000B5E28 /* Preview Content */ = {
			isa = PBXGroup;
			children = (
				54FE95C72772DBB0000B5E28 /* Preview Assets.xcassets */,
			);
			path = "Preview Content";
			sourceTree = "<group>";
		};
		54FE95D52772E651000B5E28 /* Model */ = {
			isa = PBXGroup;
			children = (
				54FE95E32773185D000B5E28 /* UploadImage.swift */,
				5479D6092773A0F700BE2115 /* UserModel.swift */,
				5479D60B2773B5F800BE2115 /* AlertView.swift */,
				5479D60F27741CB900BE2115 /* PostModel.swift */,
				5479D61127741F3300BE2115 /* FetchUser.swift */,
			);
			path = Model;
			sourceTree = "<group>";
		};
		54FE95D62772E65B000B5E28 /* View */ = {
			isa = PBXGroup;
			children = (
				54FE95D82772E6B7000B5E28 /* Login.swift */,
				54FE95DD277306CE000B5E28 /* Register.swift */,
				54FE95E127730E95000B5E28 /* ImagePicker.swift */,
				54FE95E527735704000B5E28 /* Home.swift */,
				5479D6012773885700BE2115 /* PostView.swift */,
				5479D6032773886900BE2115 /* SettingsView.swift */,
				5479D6052773887E00BE2115 /* CustomTabbar.swift */,
				5479D6132774216200BE2115 /* PostRow.swift */,
				5479D6152774314300BE2115 /* NewPost.swift */,
			);
			path = View;
			sourceTree = "<group>";
		};
		54FE95D72772E66E000B5E28 /* ViewModel */ = {
			isa = PBXGroup;
			children = (
				54FE95DA2772E8F6000B5E28 /* LoginViewModel.swift */,
				54FE95DF27730BF7000B5E28 /* RegisterViewModel.swift */,
				5479D60727739A5B00BE2115 /* SettingsViewModel.swift */,
				5479D60D27741B9800BE2115 /* PostViewModel.swift */,
				5479D617277432AB00BE2115 /* NewPostModel.swift */,
			);
			path = ViewModel;
			sourceTree = "<group>";
		};
		C66DD9EEF5709987ABE0CDE6 /* Frameworks */ = {
			isa = PBXGroup;
			children = (
				5D6DEFBE12F17FE2ED49225F /* Pods_Social_Media_Test.framework */,
			);
			name = Frameworks;
			sourceTree = "<group>";
		};
/* End PBXGroup section */

/* Begin PBXNativeTarget section */
		54FE95BC2772DBAF000B5E28 /* Social Media Test */ = {
			isa = PBXNativeTarget;
			buildConfigurationList = 54FE95D02772DBB0000B5E28 /* Build configuration list for PBXNativeTarget "Social Media Test" */;
			buildPhases = (
				630E223CF47B79F6050F6DBE /* [CP] Check Pods Manifest.lock */,
				54FE95B92772DBAF000B5E28 /* Sources */,
				54FE95BA2772DBAF000B5E28 /* Frameworks */,
				54FE95BB2772DBAF000B5E28 /* Resources */,
				58CC4E102C6F75322C007E3A /* [CP] Embed Pods Frameworks */,
			);
			buildRules = (
			);
			dependencies = (
			);
			name = "Social Media Test";
			packageProductDependencies = (
				5479D5FF2773873100BE2115 /* SDWebImageSwiftUI */,
			);
			productName = "Social Media Test";
			productReference = 54FE95BD2772DBAF000B5E28 /* Social Media Test.app */;
			productType = "com.apple.product-type.application";
		};
/* End PBXNativeTarget section */

/* Begin PBXProject section */
		54FE95B52772DBAF000B5E28 /* Project object */ = {
			isa = PBXProject;
			attributes = {
				BuildIndependentTargetsInParallel = 1;
				LastSwiftUpdateCheck = 1310;
				LastUpgradeCheck = 1310;
				TargetAttributes = {
					54FE95BC2772DBAF000B5E28 = {
						CreatedOnToolsVersion = 13.1;
					};
				};
			};
			buildConfigurationList = 54FE95B82772DBAF000B5E28 /* Build configuration list for PBXProject "Social Media Test" */;
			compatibilityVersion = "Xcode 13.0";
			developmentRegion = en;
			hasScannedForEncodings = 0;
			knownRegions = (
				en,
				Base,
			);
			mainGroup = 54FE95B42772DBAF000B5E28;
			packageReferences = (
				5479D5FE2773873100BE2115 /* XCRemoteSwiftPackageReference "SDWebImageSwiftUI" */,
			);
			productRefGroup = 54FE95BE2772DBAF000B5E28 /* Products */;
			projectDirPath = "";
			projectRoot = "";
			targets = (
				54FE95BC2772DBAF000B5E28 /* Social Media Test */,
			);
		};
/* End PBXProject section */

/* Begin PBXResourcesBuildPhase section */
		54FE95BB2772DBAF000B5E28 /* Resources */ = {
			isa = PBXResourcesBuildPhase;
			buildActionMask = 2147483647;
			files = (
				54FE95C82772DBB0000B5E28 /* Preview Assets.xcassets in Resources */,
				54FE95C52772DBB0000B5E28 /* Assets.xcassets in Resources */,
				54FE95D42772DC46000B5E28 /* GoogleService-Info.plist in Resources */,
			);
			runOnlyForDeploymentPostprocessing = 0;
		};
/* End PBXResourcesBuildPhase section */

/* Begin PBXShellScriptBuildPhase section */
		58CC4E102C6F75322C007E3A /* [CP] Embed Pods Frameworks */ = {
			isa = PBXShellScriptBuildPhase;
			buildActionMask = 2147483647;
			files = (
			);
			inputFileListPaths = (
				"${PODS_ROOT}/Target Support Files/Pods-Social Media Test/Pods-Social Media Test-frameworks-${CONFIGURATION}-input-files.xcfilelist",
			);
			name = "[CP] Embed Pods Frameworks";
			outputFileListPaths = (
				"${PODS_ROOT}/Target Support Files/Pods-Social Media Test/Pods-Social Media Test-frameworks-${CONFIGURATION}-output-files.xcfilelist",
			);
			runOnlyForDeploymentPostprocessing = 0;
			shellPath = /bin/sh;
			shellScript = "\"${PODS_ROOT}/Target Support Files/Pods-Social Media Test/Pods-Social Media Test-frameworks.sh\"\n";
			showEnvVarsInLog = 0;
		};
		630E223CF47B79F6050F6DBE /* [CP] Check Pods Manifest.lock */ = {
			isa = PBXShellScriptBuildPhase;
			buildActionMask = 2147483647;
			files = (
			);
			inputFileListPaths = (
			);
			inputPaths = (
				"${PODS_PODFILE_DIR_PATH}/Podfile.lock",
				"${PODS_ROOT}/Manifest.lock",
			);
			name = "[CP] Check Pods Manifest.lock";
			outputFileListPaths = (
			);
			outputPaths = (
				"$(DERIVED_FILE_DIR)/Pods-Social Media Test-checkManifestLockResult.txt",
			);
			runOnlyForDeploymentPostprocessing = 0;
			shellPath = /bin/sh;
			shellScript = "diff \"${PODS_PODFILE_DIR_PATH}/Podfile.lock\" \"${PODS_ROOT}/Manifest.lock\" > /dev/null\nif [ $? != 0 ] ; then\n    # print error to STDERR\n    echo \"error: The sandbox is not in sync with the Podfile.lock. Run 'pod install' or update your CocoaPods installation.\" >&2\n    exit 1\nfi\n# This output is used by Xcode 'outputs' to avoid re-running this script phase.\necho \"SUCCESS\" > \"${SCRIPT_OUTPUT_FILE_0}\"\n";
			showEnvVarsInLog = 0;
		};
/* End PBXShellScriptBuildPhase section */

/* Begin PBXSourcesBuildPhase section */
		54FE95B92772DBAF000B5E28 /* Sources */ = {
			isa = PBXSourcesBuildPhase;
			buildActionMask = 2147483647;
			files = (
				54FE95CA2772DBB0000B5E28 /* Persistence.swift in Sources */,
				5479D6142774216200BE2115 /* PostRow.swift in Sources */,
				54FE95D92772E6B7000B5E28 /* Login.swift in Sources */,
				5479D6062773887E00BE2115 /* CustomTabbar.swift in Sources */,
				54FE95E42773185D000B5E28 /* UploadImage.swift in Sources */,
				54FE95E627735704000B5E28 /* Home.swift in Sources */,
				5479D60827739A5B00BE2115 /* SettingsViewModel.swift in Sources */,
				5479D60E27741B9800BE2115 /* PostViewModel.swift in Sources */,
				5479D6162774314300BE2115 /* NewPost.swift in Sources */,
				5479D61227741F3300BE2115 /* FetchUser.swift in Sources */,
				5479D618277432AB00BE2115 /* NewPostModel.swift in Sources */,
				54FE95DB2772E8F6000B5E28 /* LoginViewModel.swift in Sources */,
				54FE95E227730E95000B5E28 /* ImagePicker.swift in Sources */,
				54FE95E027730BF7000B5E28 /* RegisterViewModel.swift in Sources */,
				54FE95C32772DBAF000B5E28 /* ContentView.swift in Sources */,
				5479D60A2773A0F700BE2115 /* UserModel.swift in Sources */,
				54FE95DE277306CE000B5E28 /* Register.swift in Sources */,
				54FE95C12772DBAF000B5E28 /* Social_Media_TestApp.swift in Sources */,
				5479D61027741CB900BE2115 /* PostModel.swift in Sources */,
				5479D6022773885700BE2115 /* PostView.swift in Sources */,
				54FE95CD2772DBB0000B5E28 /* Social_Media_Test.xcdatamodeld in Sources */,
				5479D6042773886900BE2115 /* SettingsView.swift in Sources */,
				5479D60C2773B5F800BE2115 /* AlertView.swift in Sources */,
			);
			runOnlyForDeploymentPostprocessing = 0;
		};
/* End PBXSourcesBuildPhase section */

/* Begin XCBuildConfiguration section */
		54FE95CE2772DBB0000B5E28 /* Debug */ = {
			isa = XCBuildConfiguration;
			buildSettings = {
				ALWAYS_SEARCH_USER_PATHS = NO;
				CLANG_ANALYZER_NONNULL = YES;
				CLANG_ANALYZER_NUMBER_OBJECT_CONVERSION = YES_AGGRESSIVE;
				CLANG_CXX_LANGUAGE_STANDARD = "gnu++17";
				CLANG_CXX_LIBRARY = "libc++";
				CLANG_ENABLE_MODULES = YES;
				CLANG_ENABLE_OBJC_ARC = YES;
				CLANG_ENABLE_OBJC_WEAK = YES;
				CLANG_WARN_BLOCK_CAPTURE_AUTORELEASING = YES;
				CLANG_WARN_BOOL_CONVERSION = YES;
				CLANG_WARN_COMMA = YES;
				CLANG_WARN_CONSTANT_CONVERSION = YES;
				CLANG_WARN_DEPRECATED_OBJC_IMPLEMENTATIONS = YES;
				CLANG_WARN_DIRECT_OBJC_ISA_USAGE = YES_ERROR;
				CLANG_WARN_DOCUMENTATION_COMMENTS = YES;
				CLANG_WARN_EMPTY_BODY = YES;
				CLANG_WARN_ENUM_CONVERSION = YES;
				CLANG_WARN_INFINITE_RECURSION = YES;
				CLANG_WARN_INT_CONVERSION = YES;
				CLANG_WARN_NON_LITERAL_NULL_CONVERSION = YES;
				CLANG_WARN_OBJC_IMPLICIT_RETAIN_SELF = YES;
				CLANG_WARN_OBJC_LITERAL_CONVERSION = YES;
				CLANG_WARN_OBJC_ROOT_CLASS = YES_ERROR;
				CLANG_WARN_QUOTED_INCLUDE_IN_FRAMEWORK_HEADER = YES;
				CLANG_WARN_RANGE_LOOP_ANALYSIS = YES;
				CLANG_WARN_STRICT_PROTOTYPES = YES;
				CLANG_WARN_SUSPICIOUS_MOVE = YES;
				CLANG_WARN_UNGUARDED_AVAILABILITY = YES_AGGRESSIVE;
				CLANG_WARN_UNREACHABLE_CODE = YES;
				CLANG_WARN__DUPLICATE_METHOD_MATCH = YES;
				COPY_PHASE_STRIP = NO;
				DEBUG_INFORMATION_FORMAT = dwarf;
				ENABLE_STRICT_OBJC_MSGSEND = YES;
				ENABLE_TESTABILITY = YES;
				GCC_C_LANGUAGE_STANDARD = gnu11;
				GCC_DYNAMIC_NO_PIC = NO;
				GCC_NO_COMMON_BLOCKS = YES;
				GCC_OPTIMIZATION_LEVEL = 0;
				GCC_PREPROCESSOR_DEFINITIONS = (
					"DEBUG=1",
					"$(inherited)",
				);
				GCC_WARN_64_TO_32_BIT_CONVERSION = YES;
				GCC_WARN_ABOUT_RETURN_TYPE = YES_ERROR;
				GCC_WARN_UNDECLARED_SELECTOR = YES;
				GCC_WARN_UNINITIALIZED_AUTOS = YES_AGGRESSIVE;
				GCC_WARN_UNUSED_FUNCTION = YES;
				GCC_WARN_UNUSED_VARIABLE = YES;
				IPHONEOS_DEPLOYMENT_TARGET = 15.0;
				MTL_ENABLE_DEBUG_INFO = INCLUDE_SOURCE;
				MTL_FAST_MATH = YES;
				ONLY_ACTIVE_ARCH = YES;
				SDKROOT = iphoneos;
				SWIFT_ACTIVE_COMPILATION_CONDITIONS = DEBUG;
				SWIFT_OPTIMIZATION_LEVEL = "-Onone";
			};
			name = Debug;
		};
		54FE95CF2772DBB0000B5E28 /* Release */ = {
			isa = XCBuildConfiguration;
			buildSettings = {
				ALWAYS_SEARCH_USER_PATHS = NO;
				CLANG_ANALYZER_NONNULL = YES;
				CLANG_ANALYZER_NUMBER_OBJECT_CONVERSION = YES_AGGRESSIVE;
				CLANG_CXX_LANGUAGE_STANDARD = "gnu++17";
				CLANG_CXX_LIBRARY = "libc++";
				CLANG_ENABLE_MODULES = YES;
				CLANG_ENABLE_OBJC_ARC = YES;
				CLANG_ENABLE_OBJC_WEAK = YES;
				CLANG_WARN_BLOCK_CAPTURE_AUTORELEASING = YES;
				CLANG_WARN_BOOL_CONVERSION = YES;
				CLANG_WARN_COMMA = YES;
				CLANG_WARN_CONSTANT_CONVERSION = YES;
				CLANG_WARN_DEPRECATED_OBJC_IMPLEMENTATIONS = YES;
				CLANG_WARN_DIRECT_OBJC_ISA_USAGE = YES_ERROR;
				CLANG_WARN_DOCUMENTATION_COMMENTS = YES;
				CLANG_WARN_EMPTY_BODY = YES;
				CLANG_WARN_ENUM_CONVERSION = YES;
				CLANG_WARN_INFINITE_RECURSION = YES;
				CLANG_WARN_INT_CONVERSION = YES;
				CLANG_WARN_NON_LITERAL_NULL_CONVERSION = YES;
				CLANG_WARN_OBJC_IMPLICIT_RETAIN_SELF = YES;
				CLANG_WARN_OBJC_LITERAL_CONVERSION = YES;
				CLANG_WARN_OBJC_ROOT_CLASS = YES_ERROR;
				CLANG_WARN_QUOTED_INCLUDE_IN_FRAMEWORK_HEADER = YES;
				CLANG_WARN_RANGE_LOOP_ANALYSIS = YES;
				CLANG_WARN_STRICT_PROTOTYPES = YES;
				CLANG_WARN_SUSPICIOUS_MOVE = YES;
				CLANG_WARN_UNGUARDED_AVAILABILITY = YES_AGGRESSIVE;
				CLANG_WARN_UNREACHABLE_CODE = YES;
				CLANG_WARN__DUPLICATE_METHOD_MATCH = YES;
				COPY_PHASE_STRIP = NO;
				DEBUG_INFORMATION_FORMAT = "dwarf-with-dsym";
				ENABLE_NS_ASSERTIONS = NO;
				ENABLE_STRICT_OBJC_MSGSEND = YES;
				GCC_C_LANGUAGE_STANDARD = gnu11;
				GCC_NO_COMMON_BLOCKS = YES;
				GCC_WARN_64_TO_32_BIT_CONVERSION = YES;
				GCC_WARN_ABOUT_RETURN_TYPE = YES_ERROR;
				GCC_WARN_UNDECLARED_SELECTOR = YES;
				GCC_WARN_UNINITIALIZED_AUTOS = YES_AGGRESSIVE;
				GCC_WARN_UNUSED_FUNCTION = YES;
				GCC_WARN_UNUSED_VARIABLE = YES;
				IPHONEOS_DEPLOYMENT_TARGET = 15.0;
				MTL_ENABLE_DEBUG_INFO = NO;
				MTL_FAST_MATH = YES;
				SDKROOT = iphoneos;
				SWIFT_COMPILATION_MODE = wholemodule;
				SWIFT_OPTIMIZATION_LEVEL = "-O";
				VALIDATE_PRODUCT = YES;
			};
			name = Release;
		};
		54FE95D12772DBB0000B5E28 /* Debug */ = {
			isa = XCBuildConfiguration;
			baseConfigurationReference = 47F468EF133B54A268DD815B /* Pods-Social Media Test.debug.xcconfig */;
			buildSettings = {
				ASSETCATALOG_COMPILER_APPICON_NAME = AppIcon;
				ASSETCATALOG_COMPILER_GLOBAL_ACCENT_COLOR_NAME = AccentColor;
				CODE_SIGN_STYLE = Automatic;
				CURRENT_PROJECT_VERSION = 1;
				DEVELOPMENT_ASSET_PATHS = "\"Social Media Test/Preview Content\"";
				DEVELOPMENT_TEAM = B3Z79P8J6A;
				ENABLE_PREVIEWS = YES;
				GENERATE_INFOPLIST_FILE = YES;
				INFOPLIST_FILE = "Social-Media-Test-Info.plist";
				INFOPLIST_KEY_UIApplicationSceneManifest_Generation = YES;
				INFOPLIST_KEY_UIApplicationSupportsIndirectInputEvents = YES;
				INFOPLIST_KEY_UILaunchScreen_Generation = YES;
				INFOPLIST_KEY_UISupportedInterfaceOrientations_iPad = "UIInterfaceOrientationPortrait UIInterfaceOrientationPortraitUpsideDown UIInterfaceOrientationLandscapeLeft UIInterfaceOrientationLandscapeRight";
				INFOPLIST_KEY_UISupportedInterfaceOrientations_iPhone = "UIInterfaceOrientationPortrait UIInterfaceOrientationLandscapeLeft UIInterfaceOrientationLandscapeRight";
				LD_RUNPATH_SEARCH_PATHS = (
					"$(inherited)",
					"@executable_path/Frameworks",
				);
				MARKETING_VERSION = 1.0;
				PRODUCT_BUNDLE_IDENTIFIER = "HR.Social-Media-Test";
				PRODUCT_NAME = "$(TARGET_NAME)";
				SWIFT_EMIT_LOC_STRINGS = YES;
				SWIFT_VERSION = 5.0;
				TARGETED_DEVICE_FAMILY = "1,2";
			};
			name = Debug;
		};
		54FE95D22772DBB0000B5E28 /* Release */ = {
			isa = XCBuildConfiguration;
			baseConfigurationReference = 189567F22C4D36D58D0A7587 /* Pods-Social Media Test.release.xcconfig */;
			buildSettings = {
				ASSETCATALOG_COMPILER_APPICON_NAME = AppIcon;
				ASSETCATALOG_COMPILER_GLOBAL_ACCENT_COLOR_NAME = AccentColor;
				CODE_SIGN_STYLE = Automatic;
				CURRENT_PROJECT_VERSION = 1;
				DEVELOPMENT_ASSET_PATHS = "\"Social Media Test/Preview Content\"";
				DEVELOPMENT_TEAM = B3Z79P8J6A;
				ENABLE_PREVIEWS = YES;
				GENERATE_INFOPLIST_FILE = YES;
				INFOPLIST_FILE = "Social-Media-Test-Info.plist";
				INFOPLIST_KEY_UIApplicationSceneManifest_Generation = YES;
				INFOPLIST_KEY_UIApplicationSupportsIndirectInputEvents = YES;
				INFOPLIST_KEY_UILaunchScreen_Generation = YES;
				INFOPLIST_KEY_UISupportedInterfaceOrientations_iPad = "UIInterfaceOrientationPortrait UIInterfaceOrientationPortraitUpsideDown UIInterfaceOrientationLandscapeLeft UIInterfaceOrientationLandscapeRight";
				INFOPLIST_KEY_UISupportedInterfaceOrientations_iPhone = "UIInterfaceOrientationPortrait UIInterfaceOrientationLandscapeLeft UIInterfaceOrientationLandscapeRight";
				LD_RUNPATH_SEARCH_PATHS = (
					"$(inherited)",
					"@executable_path/Frameworks",
				);
				MARKETING_VERSION = 1.0;
				PRODUCT_BUNDLE_IDENTIFIER = "HR.Social-Media-Test";
				PRODUCT_NAME = "$(TARGET_NAME)";
				SWIFT_EMIT_LOC_STRINGS = YES;
				SWIFT_VERSION = 5.0;
				TARGETED_DEVICE_FAMILY = "1,2";
			};
			name = Release;
		};
/* End XCBuildConfiguration section */

/* Begin XCConfigurationList section */
		54FE95B82772DBAF000B5E28 /* Build configuration list for PBXProject "Social Media Test" */ = {
			isa = XCConfigurationList;
			buildConfigurations = (
				54FE95CE2772DBB0000B5E28 /* Debug */,
				54FE95CF2772DBB0000B5E28 /* Release */,
			);
			defaultConfigurationIsVisible = 0;
			defaultConfigurationName = Release;
		};
		54FE95D02772DBB0000B5E28 /* Build configuration list for PBXNativeTarget "Social Media Test" */ = {
			isa = XCConfigurationList;
			buildConfigurations = (
				54FE95D12772DBB0000B5E28 /* Debug */,
				54FE95D22772DBB0000B5E28 /* Release */,
			);
			defaultConfigurationIsVisible = 0;
			defaultConfigurationName = Release;
		};
/* End XCConfigurationList section */

/* Begin XCRemoteSwiftPackageReference section */
		5479D5FE2773873100BE2115 /* XCRemoteSwiftPackageReference "SDWebImageSwiftUI" */ = {
			isa = XCRemoteSwiftPackageReference;
			repositoryURL = "https://github.com/SDWebImage/SDWebImageSwiftUI";
			requirement = {
				kind = upToNextMajorVersion;
				minimumVersion = 2.0.0;
			};
		};
/* End XCRemoteSwiftPackageReference section */

/* Begin XCSwiftPackageProductDependency section */
		5479D5FF2773873100BE2115 /* SDWebImageSwiftUI */ = {
			isa = XCSwiftPackageProductDependency;
			package = 5479D5FE2773873100BE2115 /* XCRemoteSwiftPackageReference "SDWebImageSwiftUI" */;
			productName = SDWebImageSwiftUI;
		};
/* End XCSwiftPackageProductDependency section */

/* Begin XCVersionGroup section */
		54FE95CB2772DBB0000B5E28 /* Social_Media_Test.xcdatamodeld */ = {
			isa = XCVersionGroup;
			children = (
				54FE95CC2772DBB0000B5E28 /* Social_Media_Test.xcdatamodel */,
			);
			currentVersion = 54FE95CC2772DBB0000B5E28 /* Social_Media_Test.xcdatamodel */;
			path = Social_Media_Test.xcdatamodeld;
			sourceTree = "<group>";
			versionGroupType = wrapper.xcdatamodel;
		};
/* End XCVersionGroup section */
	};
	rootObject = 54FE95B52772DBAF000B5E28 /* Project object */;
}
